
Microsoft Visual Studio Solution File, Format Version 12.00
# Visual Studio Version 16
VisualStudioVersion = 16.0.33027.164
MinimumVisualStudioVersion = 10.0.40219.1
Project("{FAE04EC0-301F-11D3-BF4B-00C04F79EFBC}") = "Ipear.Android", "Ipear.Android\Ipear.Android.csproj", "{4AADA4E7-13EB-482D-8D24-830206D8820A}"
EndProject
Project("{FAE04EC0-301F-11D3-BF4B-00C04F79EFBC}") = "Ipear.iOS", "Ipear.iOS\Ipear.iOS.csproj", "{42CBEE25-F9D3-4DE7-860F-37796E9623C9}"
EndProject
Project("{FAE04EC0-301F-11D3-BF4B-00C04F79EFBC}") = "Ipear", "Ipear\Ipear.csproj", "{B0F3BF75-88BB-48F5-9C0A-5F655A1F4683}"
EndProject
Global
	GlobalSection(SolutionConfigurationPlatforms) = preSolution
		Debug|Any CPU = Debug|Any CPU
		Debug|iPhone = Debug|iPhone
		Debug|iPhoneSimulator = Debug|iPhoneSimulator
		Release|Any CPU = Release|Any CPU
		Release|iPhone = Release|iPhone
		Release|iPhoneSimulator = Release|iPhoneSimulator
	EndGlobalSection
	GlobalSection(ProjectConfigurationPlatforms) = postSolution
		{4AADA4E7-13EB-482D-8D24-830206D8820A}.Debug|Any CPU.ActiveCfg = Debug|Any CPU
		{4AADA4E7-13EB-482D-8D24-830206D8820A}.Debug|Any CPU.Build.0 = Debug|Any CPU
		{4AADA4E7-13EB-482D-8D24-830206D8820A}.Debug|Any CPU.Deploy.0 = Debug|Any CPU
		{4AADA4E7-13EB-482D-8D24-830206D8820A}.Debug|iPhone.ActiveCfg = Debug|Any CPU
		{4AADA4E7-13EB-482D-8D24-830206D8820A}.Debug|iPhone.Build.0 = Debug|Any CPU
		{4AADA4E7-13EB-482D-8D24-830206D8820A}.Debug|iPhone.Deploy.0 = Debug|Any CPU
		{4AADA4E7-13EB-482D-8D24-830206D8820A}.Debug|iPhoneSimulator.ActiveCfg = Debug|Any CPU
		{4AADA4E7-13EB-482D-8D24-830206D8820A}.Debug|iPhoneSimulator.Build.0 = Debug|Any CPU
		{4AADA4E7-13EB-482D-8D24-830206D8820A}.Debug|iPhoneSimulator.Deploy.0 = Debug|Any CPU
		{4AADA4E7-13EB-482D-8D24-830206D8820A}.Release|Any CPU.ActiveCfg = Release|Any CPU
		{4AADA4E7-13EB-482D-8D24-830206D8820A}.Release|Any CPU.Build.0 = Release|Any CPU
		{4AADA4E7-13EB-482D-8D24-830206D8820A}.Release|Any CPU.Deploy.0 = Release|Any CPU
		{4AADA4E7-13EB-482D-8D24-830206D8820A}.Release|iPhone.ActiveCfg = Release|Any CPU
		{4AADA4E7-13EB-482D-8D24-830206D8820A}.Release|iPhone.Build.0 = Release|Any CPU
		{4AADA4E7-13EB-482D-8D24-830206D8820A}.Release|iPhone.Deploy.0 = Release|Any CPU
		{4AADA4E7-13EB-482D-8D24-830206D8820A}.Release|iPhoneSimulator.ActiveCfg = Release|Any CPU
		{4AADA4E7-13EB-482D-8D24-830206D8820A}.Release|iPhoneSimulator.Build.0 = Release|Any CPU
		{4AADA4E7-13EB-482D-8D24-830206D8820A}.Release|iPhoneSimulator.Deploy.0 = Release|Any CPU
		{42CBEE25-F9D3-4DE7-860F-37796E9623C9}.Debug|Any CPU.ActiveCfg = Debug|iPhone
		{42CBEE25-F9D3-4DE7-860F-37796E9623C9}.Debug|Any CPU.Build.0 = Debug|iPhone
		{42CBEE25-F9D3-4DE7-860F-37796E9623C9}.Debug|Any CPU.Deploy.0 = Debug|iPhone
		{42CBEE25-F9D3-4DE7-860F-37796E9623C9}.Debug|iPhone.ActiveCfg = Debug|iPhone
		{42CBEE25-F9D3-4DE7-860F-37796E9623C9}.Debug|iPhone.Build.0 = Debug|iPhone
		{42CBEE25-F9D3-4DE7-860F-37796E9623C9}.Debug|iPhone.Deploy.0 = Debug|iPhone
		{42CBEE25-F9D3-4DE7-860F-37796E9623C9}.Debug|iPhoneSimulator.ActiveCfg = Debug|iPhoneSimulator
		{42CBEE25-F9D3-4DE7-860F-37796E9623C9}.Debug|iPhoneSimulator.Build.0 = Debug|iPhoneSimulator
		{42CBEE25-F9D3-4DE7-860F-37796E9623C9}.Debug|iPhoneSimulator.Deploy.0 = Debug|iPhoneSimulator
		{42CBEE25-F9D3-4DE7-860F-37796E9623C9}.Release|Any CPU.ActiveCfg = Release|iPhoneSimulator
		{42CBEE25-F9D3-4DE7-860F-37796E9623C9}.Release|Any CPU.Build.0 = Release|iPhoneSimulator
		{42CBEE25-F9D3-4DE7-860F-37796E9623C9}.Release|Any CPU.Deploy.0 = Release|iPhoneSimulator
		{42CBEE25-F9D3-4DE7-860F-37796E9623C9}.Release|iPhone.ActiveCfg = Release|iPhone
		{42CBEE25-F9D3-4DE7-860F-37796E9623C9}.Release|iPhone.Build.0 = Release|iPhone
		{42CBEE25-F9D3-4DE7-860F-37796E9623C9}.Release|iPhone.Deploy.0 = Release|iPhone
		{42CBEE25-F9D3-4DE7-860F-37796E9623C9}.Release|iPhoneSimulator.ActiveCfg = Release|iPhoneSimulator
		{42CBEE25-F9D3-4DE7-860F-37796E9623C9}.Release|iPhoneSimulator.Build.0 = Release|iPhoneSimulator
		{42CBEE25-F9D3-4DE7-860F-37796E9623C9}.Release|iPhoneSimulator.Deploy.0 = Release|iPhoneSimulator
		{B0F3BF75-88BB-48F5-9C0A-5F655A1F4683}.Debug|Any CPU.ActiveCfg = Debug|Any CPU
		{B0F3BF75-88BB-48F5-9C0A-5F655A1F4683}.Debug|Any CPU.Build.0 = Debug|Any CPU
		{B0F3BF75-88BB-48F5-9C0A-5F655A1F4683}.Debug|Any CPU.Deploy.0 = Debug|Any CPU
		{B0F3BF75-88BB-48F5-9C0A-5F655A1F4683}.Debug|iPhone.ActiveCfg = Debug|Any CPU
		{B0F3BF75-88BB-48F5-9C0A-5F655A1F4683}.Debug|iPhone.Build.0 = Debug|Any CPU
		{B0F3BF75-88BB-48F5-9C0A-5F655A1F4683}.Debug|iPhone.Deploy.0 = Debug|Any CPU
		{B0F3BF75-88BB-48F5-9C0A-5F655A1F4683}.Debug|iPhoneSimulator.ActiveCfg = Debug|Any CPU
		{B0F3BF75-88BB-48F5-9C0A-5F655A1F4683}.Debug|iPhoneSimulator.Build.0 = Debug|Any CPU
		{B0F3BF75-88BB-48F5-9C0A-5F655A1F4683}.Debug|iPhoneSimulator.Deploy.0 = Debug|Any CPU
		{B0F3BF75-88BB-48F5-9C0A-5F655A1F4683}.Release|Any CPU.ActiveCfg = Release|Any CPU
		{B0F3BF75-88BB-48F5-9C0A-5F655A1F4683}.Release|Any CPU.Build.0 = Release|Any CPU
		{B0F3BF75-88BB-48F5-9C0A-5F655A1F4683}.Release|Any CPU.Deploy.0 = Release|Any CPU
		{B0F3BF75-88BB-48F5-9C0A-5F655A1F4683}.Release|iPhone.ActiveCfg = Release|Any CPU
		{B0F3BF75-88BB-48F5-9C0A-5F655A1F4683}.Release|iPhone.Build.0 = Release|Any CPU
		{B0F3BF75-88BB-48F5-9C0A-5F655A1F4683}.Release|iPhone.Deploy.0 = Release|Any CPU
		{B0F3BF75-88BB-48F5-9C0A-5F655A1F4683}.Release|iPhoneSimulator.ActiveCfg = Release|Any CPU
		{B0F3BF75-88BB-48F5-9C0A-5F655A1F4683}.Release|iPhoneSimulator.Build.0 = Release|Any CPU
		{B0F3BF75-88BB-48F5-9C0A-5F655A1F4683}.Release|iPhoneSimulator.Deploy.0 = Release|Any CPU
	EndGlobalSection
	GlobalSection(SolutionProperties) = preSolution
		HideSolutionNode = FALSE
	EndGlobalSection
	GlobalSection(ExtensibilityGlobals) = postSolution
		SolutionGuid = {13E6C1EA-9BB5-4037-860A-7CC3EFC28DA1}
	EndGlobalSection
EndGlobal
